
Microsoft Visual Studio Solution File, Format Version 12.00
# Visual Studio 15
VisualStudioVersion = 15.0.28010.2026
MinimumVisualStudioVersion = 10.0.40219.1
Project("{888888A0-9F3D-457C-B088-3A5042F75D52}") = "DataPreprocessing", "DataPreprocessing\DataPreprocessing.pyproj", "{854689D4-DFFC-453F-8C1B-6F2685190841}"
EndProject
Global
	GlobalSection(SolutionConfigurationPlatforms) = preSolution
		Debug|Any CPU = Debug|Any CPU
		Release|Any CPU = Release|Any CPU
	EndGlobalSection
	GlobalSection(ProjectConfigurationPlatforms) = postSolution
		{854689D4-DFFC-453F-8C1B-6F2685190841}.Debug|Any CPU.ActiveCfg = Debug|Any CPU
		{854689D4-DFFC-453F-8C1B-6F2685190841}.Release|Any CPU.ActiveCfg = Release|Any CPU
	EndGlobalSection
	GlobalSection(SolutionProperties) = preSolution
		HideSolutionNode = FALSE
	EndGlobalSection
	GlobalSection(ExtensibilityGlobals) = postSolution
		SolutionGuid = {7B12FEEC-C61F-4DCB-9C7A-28FA1A8D3279}
	EndGlobalSection
EndGlobal
